
Microsoft Visual Studio Solution File, Format Version 12.00
# Visual Studio Version 17
VisualStudioVersion = 17.8.34511.84
MinimumVisualStudioVersion = 10.0.40219.1
Project("{FAE04EC0-301F-11D3-BF4B-00C04F79EFBC}") = "ATV2_CJ3021904", "ATV2_CJ3021904\ATV2_CJ3021904.csproj", "{7B36C29F-3FFC-4E22-B152-9F82D3B10BF0}"
EndProject
Global
	GlobalSection(SolutionConfigurationPlatforms) = preSolution
		Debug|Any CPU = Debug|Any CPU
		Release|Any CPU = Release|Any CPU
	EndGlobalSection
	GlobalSection(ProjectConfigurationPlatforms) = postSolution
		{7B36C29F-3FFC-4E22-B152-9F82D3B10BF0}.Debug|Any CPU.ActiveCfg = Debug|Any CPU
		{7B36C29F-3FFC-4E22-B152-9F82D3B10BF0}.Debug|Any CPU.Build.0 = Debug|Any CPU
		{7B36C29F-3FFC-4E22-B152-9F82D3B10BF0}.Release|Any CPU.ActiveCfg = Release|Any CPU
		{7B36C29F-3FFC-4E22-B152-9F82D3B10BF0}.Release|Any CPU.Build.0 = Release|Any CPU
	EndGlobalSection
	GlobalSection(SolutionProperties) = preSolution
		HideSolutionNode = FALSE
	EndGlobalSection
	GlobalSection(ExtensibilityGlobals) = postSolution
		SolutionGuid = {44813497-8044-4ED8-8E1A-B81584BA6976}
	EndGlobalSection
EndGlobal
